
Microsoft Visual Studio Solution File, Format Version 12.00
# Visual Studio Version 17
VisualStudioVersion = 17.6.33712.159
MinimumVisualStudioVersion = 10.0.40219.1
Project("{8BC9CEB8-8B4A-11D0-8D11-00A0C91BC942}") = "Petal~Application", "Petal~Application\Petal~Application.vcxproj", "{7C2CEFBE-2FC3-4E2D-9DDA-D21FC6B28F0A}"
EndProject
Global
	GlobalSection(SolutionConfigurationPlatforms) = preSolution
		Debug|x64 = Debug|x64
		Debug|x86 = Debug|x86
		Release|x64 = Release|x64
		Release|x86 = Release|x86
	EndGlobalSection
	GlobalSection(ProjectConfigurationPlatforms) = postSolution
		{7C2CEFBE-2FC3-4E2D-9DDA-D21FC6B28F0A}.Debug|x64.ActiveCfg = Debug|x64
		{7C2CEFBE-2FC3-4E2D-9DDA-D21FC6B28F0A}.Debug|x64.Build.0 = Debug|x64
		{7C2CEFBE-2FC3-4E2D-9DDA-D21FC6B28F0A}.Debug|x86.ActiveCfg = Debug|Win32
		{7C2CEFBE-2FC3-4E2D-9DDA-D21FC6B28F0A}.Debug|x86.Build.0 = Debug|Win32
		{7C2CEFBE-2FC3-4E2D-9DDA-D21FC6B28F0A}.Release|x64.ActiveCfg = Release|x64
		{7C2CEFBE-2FC3-4E2D-9DDA-D21FC6B28F0A}.Release|x64.Build.0 = Release|x64
		{7C2CEFBE-2FC3-4E2D-9DDA-D21FC6B28F0A}.Release|x86.ActiveCfg = Release|Win32
		{7C2CEFBE-2FC3-4E2D-9DDA-D21FC6B28F0A}.Release|x86.Build.0 = Release|Win32
	EndGlobalSection
	GlobalSection(SolutionProperties) = preSolution
		HideSolutionNode = FALSE
	EndGlobalSection
	GlobalSection(ExtensibilityGlobals) = postSolution
		SolutionGuid = {1E4EC2E4-5B35-4D5F-B550-E419091B904D}
	EndGlobalSection
EndGlobal
