<?xml version="1.0" encoding="utf-8"?>
<Project ToolsVersion="4.0" xmlns="http://schemas.microsoft.com/developer/msbuild/2003">
  <ItemGroup>
    <Filter Include="源文件">
      <UniqueIdentifier>{4FC737F1-C7A5-4376-A066-2A32D752A2FF}</UniqueIdentifier>
      <Extensions>cpp;c;cc;cxx;c++;cppm;ixx;def;odl;idl;hpj;bat;asm;asmx</Extensions>
    </Filter>
    <Filter Include="头文件">
      <UniqueIdentifier>{93995380-89BD-4b04-88EB-625FBE52EBFB}</UniqueIdentifier>
      <Extensions>h;hh;hpp;hxx;h++;hm;inl;inc;ipp;xsd</Extensions>
    </Filter>
    <Filter Include="资源文件">
      <UniqueIdentifier>{67DA6AB6-F800-4c08-8B7A-83BB121AAD01}</UniqueIdentifier>
      <Extensions>rc;ico;cur;bmp;dlg;rc2;rct;bin;rgs;gif;jpg;jpeg;jpe;resx;tiff;tif;png;wav;mfcribbon-ms</Extensions>
    </Filter>
    <Filter Include="PetalFramework">
      <UniqueIdentifier>{6c4c5b43-7841-44f6-a601-99182b006ae8}</UniqueIdentifier>
    </Filter>
    <Filter Include="PetalFramework\Header">
      <UniqueIdentifier>{ffbca5ac-7093-45c0-9d48-0eee4fa985ae}</UniqueIdentifier>
    </Filter>
    <Filter Include="PetalFramework\Source">
      <UniqueIdentifier>{8fb20d99-88f2-44d8-8f8d-e16302205918}</UniqueIdentifier>
    </Filter>
    <Filter Include="PetalFramework\User">
      <UniqueIdentifier>{8bf67bfd-e1a5-42ac-b6e0-6b09a47886cf}</UniqueIdentifier>
    </Filter>
  </ItemGroup>
  <ItemGroup>
    <ClInclude Include="Petal~BasicTypes.h">
      <Filter>PetalFramework\Header</Filter>
    </ClInclude>
    <ClInclude Include="Petal~Bom.h">
      <Filter>PetalFramework\Header</Filter>
    </ClInclude>
    <ClInclude Include="Petal~FrequencyController.h">
      <Filter>PetalFramework\Header</Filter>
    </ClInclude>
    <ClInclude Include="Petal~Log.h">
      <Filter>PetalFramework\Header</Filter>
    </ClInclude>
    <ClInclude Include="Petal~Main.h">
      <Filter>PetalFramework\Header</Filter>
    </ClInclude>
    <ClInclude Include="Petal~Output.h">
      <Filter>PetalFramework\Header</Filter>
    </ClInclude>
    <ClInclude Include="Petal~PerformanceCounter.h">
      <Filter>PetalFramework\Header</Filter>
    </ClInclude>
    <ClInclude Include="Petal~Process.h">
      <Filter>PetalFramework\Header</Filter>
    </ClInclude>
    <ClInclude Include="Petal~String.h">
      <Filter>PetalFramework\Header</Filter>
    </ClInclude>
    <ClInclude Include="Petal~Types.h">
      <Filter>PetalFramework\Header</Filter>
    </ClInclude>
    <ClInclude Include="Petal~VSDebugOutput.h">
      <Filter>PetalFramework\Header</Filter>
    </ClInclude>
    <ClInclude Include="Petal~Window.h">
      <Filter>PetalFramework\Header</Filter>
    </ClInclude>
    <ClInclude Include="Petal~WindowBase.h">
      <Filter>PetalFramework\Header</Filter>
    </ClInclude>
    <ClInclude Include="Petal~WindowMessage.h">
      <Filter>PetalFramework\Header</Filter>
    </ClInclude>
    <ClInclude Include="Petal~WinTypes.h">
      <Filter>PetalFramework\Header</Filter>
    </ClInclude>
    <ClInclude Include="Petal~XInputController.h">
      <Filter>PetalFramework\Header</Filter>
    </ClInclude>
    <ClInclude Include="Petal~XInputEventProcess.h">
      <Filter>PetalFramework\Header</Filter>
    </ClInclude>
    <ClInclude Include="Petal~KeyboardController.h">
      <Filter>PetalFramework\Header</Filter>
    </ClInclude>
    <ClInclude Include="Petal~VirtualKey.h">
      <Filter>PetalFramework\Header</Filter>
    </ClInclude>
    <ClInclude Include="Petal~PointerTraits.h">
      <Filter>PetalFramework\Header</Filter>
    </ClInclude>
    <ClInclude Include="Petal~KeyboardEventProcess.h">
      <Filter>PetalFramework\Header</Filter>
    </ClInclude>
    <ClInclude Include="Petal~RawInputKeyboardController.h">
      <Filter>PetalFramework\Header</Filter>
    </ClInclude>
    <ClInclude Include="Petal~RawInputWindow.h">
      <Filter>PetalFramework\Header</Filter>
    </ClInclude>
    <ClInclude Include="Petal~UserEntrance.h">
      <Filter>PetalFramework\User</Filter>
    </ClInclude>
    <ClInclude Include="Petal~XEventProcessComponents.h">
      <Filter>PetalFramework\Header</Filter>
    </ClInclude>
  </ItemGroup>
  <ItemGroup>
    <ClCompile Include="Petal~FrequencyController.cpp">
      <Filter>PetalFramework\Source</Filter>
    </ClCompile>
    <ClCompile Include="Petal~Main.cpp">
      <Filter>PetalFramework\Source</Filter>
    </ClCompile>
    <ClCompile Include="Petal~Window.cpp">
      <Filter>PetalFramework\Source</Filter>
    </ClCompile>
    <ClCompile Include="main.cpp">
      <Filter>源文件</Filter>
    </ClCompile>
    <ClCompile Include="Petal~RawInputWindow.cpp">
      <Filter>PetalFramework\Source</Filter>
    </ClCompile>
    <ClCompile Include="Petal~UserEntrance.cpp">
      <Filter>PetalFramework\User</Filter>
    </ClCompile>
    <ClCompile Include="Petal~WindowBase.cpp">
      <Filter>PetalFramework\Source</Filter>
    </ClCompile>
  </ItemGroup>
</Project>